
Microsoft Visual Studio Solution File, Format Version 12.00
# Visual Studio Version 17
VisualStudioVersion = 17.0.32014.148
MinimumVisualStudioVersion = 10.0.40219.1
Project("{FAE04EC0-301F-11D3-BF4B-00C04F79EFBC}") = "GTreasury.Core", "GTreasury.Core\GTreasury.Core.csproj", "{504E5DA7-8D9C-4B75-94FA-31FE77295531}"
EndProject
Project("{FAE04EC0-301F-11D3-BF4B-00C04F79EFBC}") = "GTreasury_Api", "GTreasury_Api\GTreasury_Api.csproj", "{D35DCAE0-C8A3-46DC-9314-CC8627243E2B}"
EndProject
Project("{FAE04EC0-301F-11D3-BF4B-00C04F79EFBC}") = "GTreasury_Test", "GTreasury_Test\GTreasury_Test.csproj", "{C67CF34A-5BC8-4FC2-8FDA-7C402FAA1DB2}"
EndProject
Global
	GlobalSection(SolutionConfigurationPlatforms) = preSolution
		Debug|Any CPU = Debug|Any CPU
		Release|Any CPU = Release|Any CPU
	EndGlobalSection
	GlobalSection(ProjectConfigurationPlatforms) = postSolution
		{504E5DA7-8D9C-4B75-94FA-31FE77295531}.Debug|Any CPU.ActiveCfg = Debug|Any CPU
		{504E5DA7-8D9C-4B75-94FA-31FE77295531}.Debug|Any CPU.Build.0 = Debug|Any CPU
		{504E5DA7-8D9C-4B75-94FA-31FE77295531}.Release|Any CPU.ActiveCfg = Release|Any CPU
		{504E5DA7-8D9C-4B75-94FA-31FE77295531}.Release|Any CPU.Build.0 = Release|Any CPU
		{D35DCAE0-C8A3-46DC-9314-CC8627243E2B}.Debug|Any CPU.ActiveCfg = Debug|Any CPU
		{D35DCAE0-C8A3-46DC-9314-CC8627243E2B}.Debug|Any CPU.Build.0 = Debug|Any CPU
		{D35DCAE0-C8A3-46DC-9314-CC8627243E2B}.Release|Any CPU.ActiveCfg = Release|Any CPU
		{D35DCAE0-C8A3-46DC-9314-CC8627243E2B}.Release|Any CPU.Build.0 = Release|Any CPU
		{C67CF34A-5BC8-4FC2-8FDA-7C402FAA1DB2}.Debug|Any CPU.ActiveCfg = Debug|Any CPU
		{C67CF34A-5BC8-4FC2-8FDA-7C402FAA1DB2}.Debug|Any CPU.Build.0 = Debug|Any CPU
		{C67CF34A-5BC8-4FC2-8FDA-7C402FAA1DB2}.Release|Any CPU.ActiveCfg = Release|Any CPU
		{C67CF34A-5BC8-4FC2-8FDA-7C402FAA1DB2}.Release|Any CPU.Build.0 = Release|Any CPU
	EndGlobalSection
	GlobalSection(SolutionProperties) = preSolution
		HideSolutionNode = FALSE
	EndGlobalSection
	GlobalSection(ExtensibilityGlobals) = postSolution
		SolutionGuid = {C1AFD4BA-2E15-45A2-BA41-FD38E22DFB53}
	EndGlobalSection
EndGlobal
